<?xml version="1.0" encoding="utf-8"?>
<Project ToolsVersion="4.0" xmlns="http://schemas.microsoft.com/developer/msbuild/2003">
  <ItemGroup>
    <Filter Include="source">
      <UniqueIdentifier>{93995380-89BD-4b04-88EB-625FBE52EBFB}</UniqueIdentifier>
      <Extensions>h;hh;hpp;hxx;h++;hm;inl;inc;ipp;xsd</Extensions>
    </Filter>
    <Filter Include="source\core">
      <UniqueIdentifier>{2a1f3ecf-9401-4b68-82b3-ee244d5a9470}</UniqueIdentifier>
    </Filter>
    <Filter Include="source\ecs">
      <UniqueIdentifier>{ca66a2b0-ea8a-4a38-8d4f-ddf827b7cc53}</UniqueIdentifier>
    </Filter>
    <Filter Include="source\math">
      <UniqueIdentifier>{b2c2924c-85a4-4936-ad92-96c64e678fbd}</UniqueIdentifier>
    </Filter>
    <Filter Include="source\network">
      <UniqueIdentifier>{ff36a0ad-9ff3-4725-baeb-e1b629c6cad3}</UniqueIdentifier>
    </Filter>
    <Filter Include="source\system">
      <UniqueIdentifier>{01bc6adb-6c2d-4d23-a969-3907a78ae175}</UniqueIdentifier>
    </Filter>
    <Filter Include="source\graphics">
      <UniqueIdentifier>{bd48715b-667f-43e8-bd51-21d24b6b28a4}</UniqueIdentifier>
    </Filter>
  </ItemGroup>
  <ItemGroup>
    <ClCompile Include="..\..\crude_engine\core\filesystem.cpp">
      <Filter>source\core</Filter>
    </ClCompile>
    <ClCompile Include="..\..\crude_engine\core\free_rbt_allocator.cpp">
      <Filter>source\core</Filter>
    </ClCompile>
    <ClCompile Include="..\..\crude_engine\core\linear_allocator.cpp">
      <Filter>source\core</Filter>
    </ClCompile>
    <ClCompile Include="..\..\crude_engine\core\memory_manager.cpp">
      <Filter>source\core</Filter>
    </ClCompile>
    <ClCompile Include="..\..\crude_engine\core\memory_utils.cpp">
      <Filter>source\core</Filter>
    </ClCompile>
    <ClCompile Include="..\..\crude_engine\core\pool_allocator.cpp">
      <Filter>source\core</Filter>
    </ClCompile>
    <ClCompile Include="..\..\crude_engine\core\stack_allocator.cpp">
      <Filter>source\core</Filter>
    </ClCompile>
    <ClCompile Include="..\..\crude_engine\core\string.cpp">
      <Filter>source\core</Filter>
    </ClCompile>
    <ClCompile Include="..\..\crude_engine\math\matrix.cpp">
      <Filter>source\math</Filter>
    </ClCompile>
    <ClCompile Include="..\..\crude_engine\math\scalar.cpp">
      <Filter>source\math</Filter>
    </ClCompile>
    <ClCompile Include="..\..\crude_engine\math\vector.cpp">
      <Filter>source\math</Filter>
    </ClCompile>
    <ClCompile Include="..\..\crude_engine\core\assert.cpp">
      <Filter>source\core</Filter>
    </ClCompile>
    <ClCompile Include="..\..\crude_engine\crude_engine.ixx">
      <Filter>source</Filter>
    </ClCompile>
    <ClCompile Include="..\..\crude_engine\math\constants.ixx">
      <Filter>source\math</Filter>
    </ClCompile>
    <ClCompile Include="..\..\crude_engine\core\system_allocator.cpp">
      <Filter>source\core</Filter>
    </ClCompile>
    <ClCompile Include="..\..\crude_engine\network\socket_address.cpp">
      <Filter>source\network</Filter>
    </ClCompile>
    <ClCompile Include="..\..\crude_engine\network\socket_address.ixx">
      <Filter>source\network</Filter>
    </ClCompile>
    <ClCompile Include="..\..\crude_engine\network\socket_util.cpp">
      <Filter>source\network</Filter>
    </ClCompile>
    <ClCompile Include="..\..\crude_engine\network\socket_util.ixx">
      <Filter>source\network</Filter>
    </ClCompile>
    <ClCompile Include="..\..\crude_engine\network\tcp_socket.cpp">
      <Filter>source\network</Filter>
    </ClCompile>
    <ClCompile Include="..\..\crude_engine\network\tcp_socket.ixx">
      <Filter>source\network</Filter>
    </ClCompile>
    <ClCompile Include="..\..\crude_engine\network\udp_socket.cpp">
      <Filter>source\network</Filter>
    </ClCompile>
    <ClCompile Include="..\..\crude_engine\network\udp_socket.ixx">
      <Filter>source\network</Filter>
    </ClCompile>
    <ClCompile Include="..\..\crude_engine\ecs\alias.ixx">
      <Filter>source\ecs</Filter>
    </ClCompile>
    <ClCompile Include="..\..\crude_engine\ecs\archetype.cpp">
      <Filter>source\ecs</Filter>
    </ClCompile>
    <ClCompile Include="..\..\crude_engine\ecs\archetype.ixx">
      <Filter>source\ecs</Filter>
    </ClCompile>
    <ClCompile Include="..\..\crude_engine\ecs\component_container.ixx">
      <Filter>source\ecs</Filter>
    </ClCompile>
    <ClCompile Include="..\..\crude_engine\ecs\component_register.cpp">
      <Filter>source\ecs</Filter>
    </ClCompile>
    <ClCompile Include="..\..\crude_engine\ecs\component_register.ixx">
      <Filter>source\ecs</Filter>
    </ClCompile>
    <ClCompile Include="..\..\crude_engine\ecs\entity.cpp">
      <Filter>source\ecs</Filter>
    </ClCompile>
    <ClCompile Include="..\..\crude_engine\ecs\entity.ixx">
      <Filter>source\ecs</Filter>
    </ClCompile>
    <ClCompile Include="..\..\crude_engine\ecs\id_manager.cpp">
      <Filter>source\ecs</Filter>
    </ClCompile>
    <ClCompile Include="..\..\crude_engine\ecs\id_manager.ixx">
      <Filter>source\ecs</Filter>
    </ClCompile>
    <ClCompile Include="..\..\crude_engine\ecs\query.ixx">
      <Filter>source\ecs</Filter>
    </ClCompile>
    <ClCompile Include="..\..\crude_engine\ecs\world.cpp">
      <Filter>source\ecs</Filter>
    </ClCompile>
    <ClCompile Include="..\..\crude_engine\ecs\world.ixx">
      <Filter>source\ecs</Filter>
    </ClCompile>
    <ClCompile Include="..\..\crude_engine\core\algorithms.ixx">
      <Filter>source\core</Filter>
    </ClCompile>
    <ClCompile Include="..\..\crude_engine\core\alias.ixx">
      <Filter>source\core</Filter>
    </ClCompile>
    <ClCompile Include="..\..\crude_engine\core\assert.ixx">
      <Filter>source\core</Filter>
    </ClCompile>
    <ClCompile Include="..\..\crude_engine\core\bs_tree.ixx">
      <Filter>source\core</Filter>
    </ClCompile>
    <ClCompile Include="..\..\crude_engine\core\compare.ixx">
      <Filter>source\core</Filter>
    </ClCompile>
    <ClCompile Include="..\..\crude_engine\core\cxx_allocator_container.cpp">
      <Filter>source\core</Filter>
    </ClCompile>
    <ClCompile Include="..\..\crude_engine\core\cxx_allocator_container.ixx">
      <Filter>source\core</Filter>
    </ClCompile>
    <ClCompile Include="..\..\crude_engine\core\debug.ixx">
      <Filter>source\core</Filter>
    </ClCompile>
    <ClCompile Include="..\..\crude_engine\core\filesystem.ixx">
      <Filter>source\core</Filter>
    </ClCompile>
    <ClCompile Include="..\..\crude_engine\core\free_rbt_allocator.ixx">
      <Filter>source\core</Filter>
    </ClCompile>
    <ClCompile Include="..\..\crude_engine\core\iallocator.ixx">
      <Filter>source\core</Filter>
    </ClCompile>
    <ClCompile Include="..\..\crude_engine\core\linear_allocator.ixx">
      <Filter>source\core</Filter>
    </ClCompile>
    <ClCompile Include="..\..\crude_engine\core\logger.ixx">
      <Filter>source\core</Filter>
    </ClCompile>
    <ClCompile Include="..\..\crude_engine\core\memory_manager.ixx">
      <Filter>source\core</Filter>
    </ClCompile>
    <ClCompile Include="..\..\crude_engine\core\memory_system.ixx">
      <Filter>source\core</Filter>
    </ClCompile>
    <ClCompile Include="..\..\crude_engine\core\memory_utils.ixx">
      <Filter>source\core</Filter>
    </ClCompile>
    <ClCompile Include="..\..\crude_engine\core\optional.ixx">
      <Filter>source\core</Filter>
    </ClCompile>
    <ClCompile Include="..\..\crude_engine\core\pool_allocator.ixx">
      <Filter>source\core</Filter>
    </ClCompile>
    <ClCompile Include="..\..\crude_engine\core\rb_tree.ixx">
      <Filter>source\core</Filter>
    </ClCompile>
    <ClCompile Include="..\..\crude_engine\core\shared_ptr.ixx">
      <Filter>source\core</Filter>
    </ClCompile>
    <ClCompile Include="..\..\crude_engine\core\size_holder.ixx">
      <Filter>source\core</Filter>
    </ClCompile>
    <ClCompile Include="..\..\crude_engine\core\stack_allocator.ixx">
      <Filter>source\core</Filter>
    </ClCompile>
    <ClCompile Include="..\..\crude_engine\core\stack_linked_list.ixx">
      <Filter>source\core</Filter>
    </ClCompile>
    <ClCompile Include="..\..\crude_engine\core\std_allocator.ixx">
      <Filter>source\core</Filter>
    </ClCompile>
    <ClCompile Include="..\..\crude_engine\core\std_containers_heap.ixx">
      <Filter>source\core</Filter>
    </ClCompile>
    <ClCompile Include="..\..\crude_engine\core\std_containers_stack.ixx">
      <Filter>source\core</Filter>
    </ClCompile>
    <ClCompile Include="..\..\crude_engine\core\string.ixx">
      <Filter>source\core</Filter>
    </ClCompile>
    <ClCompile Include="..\..\crude_engine\core\system_allocator.ixx">
      <Filter>source\core</Filter>
    </ClCompile>
    <ClCompile Include="..\..\crude_engine\core\tree_iterator_base.ixx">
      <Filter>source\core</Filter>
    </ClCompile>
    <ClCompile Include="..\..\crude_engine\core\utility.ixx">
      <Filter>source\core</Filter>
    </ClCompile>
    <ClCompile Include="..\..\crude_engine\math\vector.ixx">
      <Filter>source\math</Filter>
    </ClCompile>
    <ClCompile Include="..\..\crude_engine\math\fuicont.ixx">
      <Filter>source\math</Filter>
    </ClCompile>
    <ClCompile Include="..\..\crude_engine\math\scalar.ixx">
      <Filter>source\math</Filter>
    </ClCompile>
    <ClCompile Include="..\..\crude_engine\math\matrix.ixx">
      <Filter>source\math</Filter>
    </ClCompile>
    <ClCompile Include="..\..\crude_engine\network\socket_address_factory.cpp">
      <Filter>source\network</Filter>
    </ClCompile>
    <ClCompile Include="..\..\crude_engine\network\socket_address_factory.ixx">
      <Filter>source\network</Filter>
    </ClCompile>
    <ClCompile Include="..\..\crude_engine\core\output_memory_steam.ixx">
      <Filter>source\core</Filter>
    </ClCompile>
    <ClCompile Include="..\..\crude_engine\core\input_memory_stream.ixx">
      <Filter>source\core</Filter>
    </ClCompile>
    <ClCompile Include="..\..\crude_engine\core\byte_utils.ixx">
      <Filter>source\core</Filter>
    </ClCompile>
    <ClCompile Include="..\..\crude_engine\core\input_memory_bit_stream.ixx">
      <Filter>source\core</Filter>
    </ClCompile>
    <ClCompile Include="..\..\crude_engine\core\output_memory_bit_stream.ixx">
      <Filter>source\core</Filter>
    </ClCompile>
    <ClCompile Include="..\..\crude_engine\system\window.cpp">
      <Filter>source\system</Filter>
    </ClCompile>
    <ClCompile Include="..\..\crude_engine\system\window.ixx">
      <Filter>source\system</Filter>
    </ClCompile>
    <ClCompile Include="..\..\crude_engine\graphics\application.cpp">
      <Filter>source\graphics</Filter>
    </ClCompile>
    <ClCompile Include="..\..\crude_engine\graphics\application.ixx">
      <Filter>source\graphics</Filter>
    </ClCompile>
    <ClCompile Include="..\..\crude_engine\graphics\attachment_description.cpp">
      <Filter>source\graphics</Filter>
    </ClCompile>
    <ClCompile Include="..\..\crude_engine\graphics\attachment_description.ixx">
      <Filter>source\graphics</Filter>
    </ClCompile>
    <ClCompile Include="..\..\crude_engine\graphics\buffer.cpp">
      <Filter>source\graphics</Filter>
    </ClCompile>
    <ClCompile Include="..\..\crude_engine\graphics\buffer.ixx">
      <Filter>source\graphics</Filter>
    </ClCompile>
    <ClCompile Include="..\..\crude_engine\graphics\color_blend_state_create_info.cpp">
      <Filter>source\graphics</Filter>
    </ClCompile>
    <ClCompile Include="..\..\crude_engine\graphics\color_blend_state_create_info.ixx">
      <Filter>source\graphics</Filter>
    </ClCompile>
    <ClCompile Include="..\..\crude_engine\graphics\command_buffer.cpp">
      <Filter>source\graphics</Filter>
    </ClCompile>
    <ClCompile Include="..\..\crude_engine\graphics\command_buffer.ixx">
      <Filter>source\graphics</Filter>
    </ClCompile>
    <ClCompile Include="..\..\crude_engine\graphics\command_pool.cpp">
      <Filter>source\graphics</Filter>
    </ClCompile>
    <ClCompile Include="..\..\crude_engine\graphics\command_pool.ixx">
      <Filter>source\graphics</Filter>
    </ClCompile>
    <ClCompile Include="..\..\crude_engine\graphics\debug_utils_messenger.cpp">
      <Filter>source\graphics</Filter>
    </ClCompile>
    <ClCompile Include="..\..\crude_engine\graphics\debug_utils_messenger.ixx">
      <Filter>source\graphics</Filter>
    </ClCompile>
    <ClCompile Include="..\..\crude_engine\graphics\depth_stencil_state_create_info.cpp">
      <Filter>source\graphics</Filter>
    </ClCompile>
    <ClCompile Include="..\..\crude_engine\graphics\depth_stencil_state_create_info.ixx">
      <Filter>source\graphics</Filter>
    </ClCompile>
    <ClCompile Include="..\..\crude_engine\graphics\descriptor_buffer_info.cpp">
      <Filter>source\graphics</Filter>
    </ClCompile>
    <ClCompile Include="..\..\crude_engine\graphics\descriptor_buffer_info.ixx">
      <Filter>source\graphics</Filter>
    </ClCompile>
    <ClCompile Include="..\..\crude_engine\graphics\descriptor_image_info.cpp">
      <Filter>source\graphics</Filter>
    </ClCompile>
    <ClCompile Include="..\..\crude_engine\graphics\descriptor_image_info.ixx">
      <Filter>source\graphics</Filter>
    </ClCompile>
    <ClCompile Include="..\..\crude_engine\graphics\descriptor_pool.cpp">
      <Filter>source\graphics</Filter>
    </ClCompile>
    <ClCompile Include="..\..\crude_engine\graphics\descriptor_pool.ixx">
      <Filter>source\graphics</Filter>
    </ClCompile>
    <ClCompile Include="..\..\crude_engine\graphics\descriptor_set.cpp">
      <Filter>source\graphics</Filter>
    </ClCompile>
    <ClCompile Include="..\..\crude_engine\graphics\descriptor_set.ixx">
      <Filter>source\graphics</Filter>
    </ClCompile>
    <ClCompile Include="..\..\crude_engine\graphics\descriptor_set_layout.cpp">
      <Filter>source\graphics</Filter>
    </ClCompile>
    <ClCompile Include="..\..\crude_engine\graphics\descriptor_set_layout.ixx">
      <Filter>source\graphics</Filter>
    </ClCompile>
    <ClCompile Include="..\..\crude_engine\graphics\device.cpp">
      <Filter>source\graphics</Filter>
    </ClCompile>
    <ClCompile Include="..\..\crude_engine\graphics\device.ixx">
      <Filter>source\graphics</Filter>
    </ClCompile>
    <ClCompile Include="..\..\crude_engine\graphics\device_memory.cpp">
      <Filter>source\graphics</Filter>
    </ClCompile>
    <ClCompile Include="..\..\crude_engine\graphics\device_memory.ixx">
      <Filter>source\graphics</Filter>
    </ClCompile>
    <ClCompile Include="..\..\crude_engine\graphics\dynamic_state_create_info.cpp">
      <Filter>source\graphics</Filter>
    </ClCompile>
    <ClCompile Include="..\..\crude_engine\graphics\dynamic_state_create_info.ixx">
      <Filter>source\graphics</Filter>
    </ClCompile>
    <ClCompile Include="..\..\crude_engine\graphics\fence.cpp">
      <Filter>source\graphics</Filter>
    </ClCompile>
    <ClCompile Include="..\..\crude_engine\graphics\fence.ixx">
      <Filter>source\graphics</Filter>
    </ClCompile>
    <ClCompile Include="..\..\crude_engine\graphics\format.cpp">
      <Filter>source\graphics</Filter>
    </ClCompile>
    <ClCompile Include="..\..\crude_engine\graphics\format.ixx">
      <Filter>source\graphics</Filter>
    </ClCompile>
    <ClCompile Include="..\..\crude_engine\graphics\framebuffer.cpp">
      <Filter>source\graphics</Filter>
    </ClCompile>
    <ClCompile Include="..\..\crude_engine\graphics\framebuffer.ixx">
      <Filter>source\graphics</Filter>
    </ClCompile>
    <ClCompile Include="..\..\crude_engine\graphics\image.cpp">
      <Filter>source\graphics</Filter>
    </ClCompile>
    <ClCompile Include="..\..\crude_engine\graphics\image.ixx">
      <Filter>source\graphics</Filter>
    </ClCompile>
    <ClCompile Include="..\..\crude_engine\graphics\image_memory_barrier.cpp">
      <Filter>source\graphics</Filter>
    </ClCompile>
    <ClCompile Include="..\..\crude_engine\graphics\image_memory_barrier.ixx">
      <Filter>source\graphics</Filter>
    </ClCompile>
    <ClCompile Include="..\..\crude_engine\graphics\image_subresource_range.cpp">
      <Filter>source\graphics</Filter>
    </ClCompile>
    <ClCompile Include="..\..\crude_engine\graphics\image_subresource_range.ixx">
      <Filter>source\graphics</Filter>
    </ClCompile>
    <ClCompile Include="..\..\crude_engine\graphics\image_view.cpp">
      <Filter>source\graphics</Filter>
    </ClCompile>
    <ClCompile Include="..\..\crude_engine\graphics\image_view.ixx">
      <Filter>source\graphics</Filter>
    </ClCompile>
    <ClCompile Include="..\..\crude_engine\graphics\input_assembly_state_create_info.cpp">
      <Filter>source\graphics</Filter>
    </ClCompile>
    <ClCompile Include="..\..\crude_engine\graphics\input_assembly_state_create_info.ixx">
      <Filter>source\graphics</Filter>
    </ClCompile>
    <ClCompile Include="..\..\crude_engine\graphics\instance.cpp">
      <Filter>source\graphics</Filter>
    </ClCompile>
    <ClCompile Include="..\..\crude_engine\graphics\instance.ixx">
      <Filter>source\graphics</Filter>
    </ClCompile>
    <ClCompile Include="..\..\crude_engine\graphics\multisample_state_create_info.cpp">
      <Filter>source\graphics</Filter>
    </ClCompile>
    <ClCompile Include="..\..\crude_engine\graphics\multisample_state_create_info.ixx">
      <Filter>source\graphics</Filter>
    </ClCompile>
    <ClCompile Include="..\..\crude_engine\graphics\physical_device.cpp">
      <Filter>source\graphics</Filter>
    </ClCompile>
    <ClCompile Include="..\..\crude_engine\graphics\physical_device.ixx">
      <Filter>source\graphics</Filter>
    </ClCompile>
    <ClCompile Include="..\..\crude_engine\graphics\pipeline.cpp">
      <Filter>source\graphics</Filter>
    </ClCompile>
    <ClCompile Include="..\..\crude_engine\graphics\pipeline.ixx">
      <Filter>source\graphics</Filter>
    </ClCompile>
    <ClCompile Include="..\..\crude_engine\graphics\pipeline_layout.cpp">
      <Filter>source\graphics</Filter>
    </ClCompile>
    <ClCompile Include="..\..\crude_engine\graphics\pipeline_layout.ixx">
      <Filter>source\graphics</Filter>
    </ClCompile>
    <ClCompile Include="..\..\crude_engine\graphics\queue.cpp">
      <Filter>source\graphics</Filter>
    </ClCompile>
    <ClCompile Include="..\..\crude_engine\graphics\queue.ixx">
      <Filter>source\graphics</Filter>
    </ClCompile>
    <ClCompile Include="..\..\crude_engine\graphics\rasterization_state_create_info.cpp">
      <Filter>source\graphics</Filter>
    </ClCompile>
    <ClCompile Include="..\..\crude_engine\graphics\rasterization_state_create_info.ixx">
      <Filter>source\graphics</Filter>
    </ClCompile>
    <ClCompile Include="..\..\crude_engine\graphics\render_pass.cpp">
      <Filter>source\graphics</Filter>
    </ClCompile>
    <ClCompile Include="..\..\crude_engine\graphics\render_pass.ixx">
      <Filter>source\graphics</Filter>
    </ClCompile>
    <ClCompile Include="..\..\crude_engine\graphics\sampler.cpp">
      <Filter>source\graphics</Filter>
    </ClCompile>
    <ClCompile Include="..\..\crude_engine\graphics\sampler.ixx">
      <Filter>source\graphics</Filter>
    </ClCompile>
    <ClCompile Include="..\..\crude_engine\graphics\semaphore.cpp">
      <Filter>source\graphics</Filter>
    </ClCompile>
    <ClCompile Include="..\..\crude_engine\graphics\semaphore.ixx">
      <Filter>source\graphics</Filter>
    </ClCompile>
    <ClCompile Include="..\..\crude_engine\graphics\shader_module.cpp">
      <Filter>source\graphics</Filter>
    </ClCompile>
    <ClCompile Include="..\..\crude_engine\graphics\shader_module.ixx">
      <Filter>source\graphics</Filter>
    </ClCompile>
    <ClCompile Include="..\..\crude_engine\graphics\shader_stage_create_info.cpp">
      <Filter>source\graphics</Filter>
    </ClCompile>
    <ClCompile Include="..\..\crude_engine\graphics\shader_stage_create_info.ixx">
      <Filter>source\graphics</Filter>
    </ClCompile>
    <ClCompile Include="..\..\crude_engine\graphics\subpass_dependency.cpp">
      <Filter>source\graphics</Filter>
    </ClCompile>
    <ClCompile Include="..\..\crude_engine\graphics\subpass_dependency.ixx">
      <Filter>source\graphics</Filter>
    </ClCompile>
    <ClCompile Include="..\..\crude_engine\graphics\subpass_description.cpp">
      <Filter>source\graphics</Filter>
    </ClCompile>
    <ClCompile Include="..\..\crude_engine\graphics\subpass_description.ixx">
      <Filter>source\graphics</Filter>
    </ClCompile>
    <ClCompile Include="..\..\crude_engine\graphics\surface.cpp">
      <Filter>source\graphics</Filter>
    </ClCompile>
    <ClCompile Include="..\..\crude_engine\graphics\surface.ixx">
      <Filter>source\graphics</Filter>
    </ClCompile>
    <ClCompile Include="..\..\crude_engine\graphics\swap_chain.cpp">
      <Filter>source\graphics</Filter>
    </ClCompile>
    <ClCompile Include="..\..\crude_engine\graphics\swap_chain.ixx">
      <Filter>source\graphics</Filter>
    </ClCompile>
    <ClCompile Include="..\..\crude_engine\graphics\swap_chain_image.cpp">
      <Filter>source\graphics</Filter>
    </ClCompile>
    <ClCompile Include="..\..\crude_engine\graphics\swap_chain_image.ixx">
      <Filter>source\graphics</Filter>
    </ClCompile>
    <ClCompile Include="..\..\crude_engine\graphics\tessellation_state_create_info.cpp">
      <Filter>source\graphics</Filter>
    </ClCompile>
    <ClCompile Include="..\..\crude_engine\graphics\tessellation_state_create_info.ixx">
      <Filter>source\graphics</Filter>
    </ClCompile>
    <ClCompile Include="..\..\crude_engine\graphics\vertex_input_state_create_info.cpp">
      <Filter>source\graphics</Filter>
    </ClCompile>
    <ClCompile Include="..\..\crude_engine\graphics\vertex_input_state_create_info.ixx">
      <Filter>source\graphics</Filter>
    </ClCompile>
    <ClCompile Include="..\..\crude_engine\graphics\viewport_state_create_info.cpp">
      <Filter>source\graphics</Filter>
    </ClCompile>
    <ClCompile Include="..\..\crude_engine\graphics\viewport_state_create_info.ixx">
      <Filter>source\graphics</Filter>
    </ClCompile>
    <ClCompile Include="..\..\crude_engine\graphics\vulkan_allocator.cpp">
      <Filter>source\graphics</Filter>
    </ClCompile>
    <ClCompile Include="..\..\crude_engine\graphics\vulkan_allocator.ixx">
      <Filter>source\graphics</Filter>
    </ClCompile>
    <ClCompile Include="..\..\crude_engine\graphics\vulkan_object.ixx">
      <Filter>source\graphics</Filter>
    </ClCompile>
    <ClCompile Include="..\..\crude_engine\graphics\vulkan_utils.ixx">
      <Filter>source\graphics</Filter>
    </ClCompile>
    <ClCompile Include="..\..\crude_engine\graphics\write_descriptor_set.cpp">
      <Filter>source\graphics</Filter>
    </ClCompile>
    <ClCompile Include="..\..\crude_engine\graphics\write_descriptor_set.ixx">
      <Filter>source\graphics</Filter>
    </ClCompile>
  </ItemGroup>
</Project>