<?xml version="1.0" encoding="utf-8"?>
<Project ToolsVersion="4.0" xmlns="http://schemas.microsoft.com/developer/msbuild/2003">
  <ItemGroup>
    <Filter Include="source">
      <UniqueIdentifier>{93995380-89BD-4b04-88EB-625FBE52EBFB}</UniqueIdentifier>
      <Extensions>h;hh;hpp;hxx;h++;hm;inl;inc;ipp;xsd</Extensions>
    </Filter>
    <Filter Include="source\core">
      <UniqueIdentifier>{2a1f3ecf-9401-4b68-82b3-ee244d5a9470}</UniqueIdentifier>
    </Filter>
    <Filter Include="source\graphics">
      <UniqueIdentifier>{019fe8cc-8c16-45b4-aea6-b6ef880cc1f7}</UniqueIdentifier>
    </Filter>
    <Filter Include="source\ecs">
      <UniqueIdentifier>{ca66a2b0-ea8a-4a38-8d4f-ddf827b7cc53}</UniqueIdentifier>
    </Filter>
    <Filter Include="source\math">
      <UniqueIdentifier>{b2c2924c-85a4-4936-ad92-96c64e678fbd}</UniqueIdentifier>
    </Filter>
    <Filter Include="source\network">
      <UniqueIdentifier>{ff36a0ad-9ff3-4725-baeb-e1b629c6cad3}</UniqueIdentifier>
    </Filter>
  </ItemGroup>
  <ItemGroup>
    <ClCompile Include="..\..\crude_engine\core\filesystem.cpp">
      <Filter>source\core</Filter>
    </ClCompile>
    <ClCompile Include="..\..\crude_engine\core\free_rbt_allocator.cpp">
      <Filter>source\core</Filter>
    </ClCompile>
    <ClCompile Include="..\..\crude_engine\core\linear_allocator.cpp">
      <Filter>source\core</Filter>
    </ClCompile>
    <ClCompile Include="..\..\crude_engine\core\memory_manager.cpp">
      <Filter>source\core</Filter>
    </ClCompile>
    <ClCompile Include="..\..\crude_engine\core\memory_utils.cpp">
      <Filter>source\core</Filter>
    </ClCompile>
    <ClCompile Include="..\..\crude_engine\core\pool_allocator.cpp">
      <Filter>source\core</Filter>
    </ClCompile>
    <ClCompile Include="..\..\crude_engine\core\stack_allocator.cpp">
      <Filter>source\core</Filter>
    </ClCompile>
    <ClCompile Include="..\..\crude_engine\core\string.cpp">
      <Filter>source\core</Filter>
    </ClCompile>
    <ClCompile Include="..\..\crude_engine\math\matrix.cpp">
      <Filter>source\math</Filter>
    </ClCompile>
    <ClCompile Include="..\..\crude_engine\math\scalar.cpp">
      <Filter>source\math</Filter>
    </ClCompile>
    <ClCompile Include="..\..\crude_engine\math\vector.cpp">
      <Filter>source\math</Filter>
    </ClCompile>
    <ClCompile Include="..\..\crude_engine\core\assert.cpp">
      <Filter>source\core</Filter>
    </ClCompile>
    <ClCompile Include="..\..\crude_engine\crude_engine.ixx">
      <Filter>source</Filter>
    </ClCompile>
    <ClCompile Include="..\..\crude_engine\math\constants.ixx">
      <Filter>source\math</Filter>
    </ClCompile>
    <ClCompile Include="..\..\crude_engine\core\system_allocator.cpp">
      <Filter>source\core</Filter>
    </ClCompile>
    <ClCompile Include="..\..\crude_engine\core\algorithms.ixx" />
    <ClCompile Include="..\..\crude_engine\core\alias.ixx" />
    <ClCompile Include="..\..\crude_engine\core\assert.ixx" />
    <ClCompile Include="..\..\crude_engine\core\bs_tree.ixx" />
    <ClCompile Include="..\..\crude_engine\core\compare.ixx" />
    <ClCompile Include="..\..\crude_engine\core\shared_ptr.ixx" />
    <ClCompile Include="..\..\crude_engine\core\std_containers_stack.ixx" />
    <ClCompile Include="..\..\crude_engine\core\system_allocator.ixx" />
    <ClCompile Include="..\..\crude_engine\core\debug.ixx" />
    <ClCompile Include="..\..\crude_engine\core\filesystem.ixx" />
    <ClCompile Include="..\..\crude_engine\core\free_rbt_allocator.ixx" />
    <ClCompile Include="..\..\crude_engine\core\iallocator.ixx" />
    <ClCompile Include="..\..\crude_engine\core\linear_allocator.ixx" />
    <ClCompile Include="..\..\crude_engine\core\logger.ixx" />
    <ClCompile Include="..\..\crude_engine\core\memory_manager.ixx" />
    <ClCompile Include="..\..\crude_engine\core\memory_system.ixx" />
    <ClCompile Include="..\..\crude_engine\core\memory_utils.ixx" />
    <ClCompile Include="..\..\crude_engine\core\optional.ixx" />
    <ClCompile Include="..\..\crude_engine\core\pool_allocator.ixx" />
    <ClCompile Include="..\..\crude_engine\core\rb_tree.ixx" />
    <ClCompile Include="..\..\crude_engine\core\size_holder.ixx" />
    <ClCompile Include="..\..\crude_engine\core\stack_allocator.ixx" />
    <ClCompile Include="..\..\crude_engine\core\stack_linked_list.ixx" />
    <ClCompile Include="..\..\crude_engine\core\std_allocator.ixx" />
    <ClCompile Include="..\..\crude_engine\core\std_containers_heap.ixx" />
    <ClCompile Include="..\..\crude_engine\core\string.ixx" />
    <ClCompile Include="..\..\crude_engine\core\tree_iterator_base.ixx" />
    <ClCompile Include="..\..\crude_engine\core\cxx_allocator_container.ixx" />
    <ClCompile Include="..\..\crude_engine\core\utility.ixx" />
    <ClCompile Include="..\..\crude_engine\math\fuicont.ixx" />
    <ClCompile Include="..\..\crude_engine\math\matrix.ixx" />
    <ClCompile Include="..\..\crude_engine\math\scalar.ixx" />
    <ClCompile Include="..\..\crude_engine\math\vector.ixx" />
    <ClCompile Include="..\..\crude_engine\core\cxx_allocator_container.cpp" />
    <ClCompile Include="..\..\crude_engine\network\socket_address.cpp">
      <Filter>source\network</Filter>
    </ClCompile>
    <ClCompile Include="..\..\crude_engine\network\socket_address.ixx">
      <Filter>source\network</Filter>
    </ClCompile>
    <ClCompile Include="..\..\crude_engine\network\socket_util.cpp">
      <Filter>source\network</Filter>
    </ClCompile>
    <ClCompile Include="..\..\crude_engine\network\socket_util.ixx">
      <Filter>source\network</Filter>
    </ClCompile>
    <ClCompile Include="..\..\crude_engine\network\tcp_socket.cpp">
      <Filter>source\network</Filter>
    </ClCompile>
    <ClCompile Include="..\..\crude_engine\network\tcp_socket.ixx">
      <Filter>source\network</Filter>
    </ClCompile>
    <ClCompile Include="..\..\crude_engine\network\udp_socket.cpp">
      <Filter>source\network</Filter>
    </ClCompile>
    <ClCompile Include="..\..\crude_engine\network\udp_socket.ixx">
      <Filter>source\network</Filter>
    </ClCompile>
  </ItemGroup>
</Project>