<?xml version="1.0" encoding="utf-8"?>
<Project ToolsVersion="4.0" xmlns="http://schemas.microsoft.com/developer/msbuild/2003">
  <ItemGroup>
    <Filter Include="source">
      <UniqueIdentifier>{93995380-89BD-4b04-88EB-625FBE52EBFB}</UniqueIdentifier>
      <Extensions>h;hh;hpp;hxx;h++;hm;inl;inc;ipp;xsd</Extensions>
    </Filter>
    <Filter Include="source\core">
      <UniqueIdentifier>{2a1f3ecf-9401-4b68-82b3-ee244d5a9470}</UniqueIdentifier>
    </Filter>
    <Filter Include="source\graphics">
      <UniqueIdentifier>{019fe8cc-8c16-45b4-aea6-b6ef880cc1f7}</UniqueIdentifier>
    </Filter>
    <Filter Include="source\graphics\vulkan">
      <UniqueIdentifier>{b6cb0f46-e3d2-4d12-9778-f4eb265f12a7}</UniqueIdentifier>
    </Filter>
    <Filter Include="source\ecs">
      <UniqueIdentifier>{ca66a2b0-ea8a-4a38-8d4f-ddf827b7cc53}</UniqueIdentifier>
    </Filter>
    <Filter Include="source\math">
      <UniqueIdentifier>{b2c2924c-85a4-4936-ad92-96c64e678fbd}</UniqueIdentifier>
    </Filter>
  </ItemGroup>
  <ItemGroup>
    <ClCompile Include="..\..\crude_engine\graphics\vulkan\application.cpp">
      <Filter>source\graphics\vulkan</Filter>
    </ClCompile>
    <ClCompile Include="..\..\crude_engine\graphics\vulkan\attachment_description.cpp">
      <Filter>source\graphics\vulkan</Filter>
    </ClCompile>
    <ClCompile Include="..\..\crude_engine\graphics\vulkan\buffer.cpp">
      <Filter>source\graphics\vulkan</Filter>
    </ClCompile>
    <ClCompile Include="..\..\crude_engine\graphics\vulkan\color_blend_state_create_info.cpp">
      <Filter>source\graphics\vulkan</Filter>
    </ClCompile>
    <ClCompile Include="..\..\crude_engine\graphics\vulkan\command_buffer.cpp">
      <Filter>source\graphics\vulkan</Filter>
    </ClCompile>
    <ClCompile Include="..\..\crude_engine\graphics\vulkan\command_pool.cpp">
      <Filter>source\graphics\vulkan</Filter>
    </ClCompile>
    <ClCompile Include="..\..\crude_engine\graphics\vulkan\debug_utils_messenger.cpp">
      <Filter>source\graphics\vulkan</Filter>
    </ClCompile>
    <ClCompile Include="..\..\crude_engine\graphics\vulkan\depth_stencil_state_create_info.cpp">
      <Filter>source\graphics\vulkan</Filter>
    </ClCompile>
    <ClCompile Include="..\..\crude_engine\graphics\vulkan\descriptor_buffer_info.cpp">
      <Filter>source\graphics\vulkan</Filter>
    </ClCompile>
    <ClCompile Include="..\..\crude_engine\graphics\vulkan\descriptor_image_info.cpp">
      <Filter>source\graphics\vulkan</Filter>
    </ClCompile>
    <ClCompile Include="..\..\crude_engine\graphics\vulkan\descriptor_pool.cpp">
      <Filter>source\graphics\vulkan</Filter>
    </ClCompile>
    <ClCompile Include="..\..\crude_engine\graphics\vulkan\descriptor_set.cpp">
      <Filter>source\graphics\vulkan</Filter>
    </ClCompile>
    <ClCompile Include="..\..\crude_engine\graphics\vulkan\descriptor_set_layout.cpp">
      <Filter>source\graphics\vulkan</Filter>
    </ClCompile>
    <ClCompile Include="..\..\crude_engine\graphics\vulkan\device.cpp">
      <Filter>source\graphics\vulkan</Filter>
    </ClCompile>
    <ClCompile Include="..\..\crude_engine\graphics\vulkan\device_memory.cpp">
      <Filter>source\graphics\vulkan</Filter>
    </ClCompile>
    <ClCompile Include="..\..\crude_engine\graphics\vulkan\dynamic_state_create_info.cpp">
      <Filter>source\graphics\vulkan</Filter>
    </ClCompile>
    <ClCompile Include="..\..\crude_engine\graphics\vulkan\fence.cpp">
      <Filter>source\graphics\vulkan</Filter>
    </ClCompile>
    <ClCompile Include="..\..\crude_engine\graphics\vulkan\format.cpp">
      <Filter>source\graphics\vulkan</Filter>
    </ClCompile>
    <ClCompile Include="..\..\crude_engine\graphics\vulkan\framebuffer.cpp">
      <Filter>source\graphics\vulkan</Filter>
    </ClCompile>
    <ClCompile Include="..\..\crude_engine\graphics\vulkan\image.cpp">
      <Filter>source\graphics\vulkan</Filter>
    </ClCompile>
    <ClCompile Include="..\..\crude_engine\graphics\vulkan\image_memory_barrier.cpp">
      <Filter>source\graphics\vulkan</Filter>
    </ClCompile>
    <ClCompile Include="..\..\crude_engine\graphics\vulkan\image_subresource_range.cpp">
      <Filter>source\graphics\vulkan</Filter>
    </ClCompile>
    <ClCompile Include="..\..\crude_engine\graphics\vulkan\image_view.cpp">
      <Filter>source\graphics\vulkan</Filter>
    </ClCompile>
    <ClCompile Include="..\..\crude_engine\graphics\vulkan\input_assembly_state_create_info.cpp">
      <Filter>source\graphics\vulkan</Filter>
    </ClCompile>
    <ClCompile Include="..\..\crude_engine\graphics\vulkan\instance.cpp">
      <Filter>source\graphics\vulkan</Filter>
    </ClCompile>
    <ClCompile Include="..\..\crude_engine\graphics\vulkan\multisample_state_create_info.cpp">
      <Filter>source\graphics\vulkan</Filter>
    </ClCompile>
    <ClCompile Include="..\..\crude_engine\graphics\vulkan\physical_device.cpp">
      <Filter>source\graphics\vulkan</Filter>
    </ClCompile>
    <ClCompile Include="..\..\crude_engine\graphics\vulkan\pipeline.cpp">
      <Filter>source\graphics\vulkan</Filter>
    </ClCompile>
    <ClCompile Include="..\..\crude_engine\graphics\vulkan\pipeline_layout.cpp">
      <Filter>source\graphics\vulkan</Filter>
    </ClCompile>
    <ClCompile Include="..\..\crude_engine\graphics\vulkan\queue.cpp">
      <Filter>source\graphics\vulkan</Filter>
    </ClCompile>
    <ClCompile Include="..\..\crude_engine\graphics\vulkan\rasterization_state_create_info.cpp">
      <Filter>source\graphics\vulkan</Filter>
    </ClCompile>
    <ClCompile Include="..\..\crude_engine\graphics\vulkan\render_pass.cpp">
      <Filter>source\graphics\vulkan</Filter>
    </ClCompile>
    <ClCompile Include="..\..\crude_engine\graphics\vulkan\sampler.cpp">
      <Filter>source\graphics\vulkan</Filter>
    </ClCompile>
    <ClCompile Include="..\..\crude_engine\graphics\vulkan\semaphore.cpp">
      <Filter>source\graphics\vulkan</Filter>
    </ClCompile>
    <ClCompile Include="..\..\crude_engine\graphics\vulkan\shader_module.cpp">
      <Filter>source\graphics\vulkan</Filter>
    </ClCompile>
    <ClCompile Include="..\..\crude_engine\graphics\vulkan\shader_stage_create_info.cpp">
      <Filter>source\graphics\vulkan</Filter>
    </ClCompile>
    <ClCompile Include="..\..\crude_engine\graphics\vulkan\subpass_dependency.cpp">
      <Filter>source\graphics\vulkan</Filter>
    </ClCompile>
    <ClCompile Include="..\..\crude_engine\graphics\vulkan\subpass_description.cpp">
      <Filter>source\graphics\vulkan</Filter>
    </ClCompile>
    <ClCompile Include="..\..\crude_engine\graphics\vulkan\surface.cpp">
      <Filter>source\graphics\vulkan</Filter>
    </ClCompile>
    <ClCompile Include="..\..\crude_engine\graphics\vulkan\swap_chain.cpp">
      <Filter>source\graphics\vulkan</Filter>
    </ClCompile>
    <ClCompile Include="..\..\crude_engine\graphics\vulkan\swap_chain_image.cpp">
      <Filter>source\graphics\vulkan</Filter>
    </ClCompile>
    <ClCompile Include="..\..\crude_engine\graphics\vulkan\tessellation_state_create_info.cpp">
      <Filter>source\graphics\vulkan</Filter>
    </ClCompile>
    <ClCompile Include="..\..\crude_engine\graphics\vulkan\vertex_input_state_create_info.cpp">
      <Filter>source\graphics\vulkan</Filter>
    </ClCompile>
    <ClCompile Include="..\..\crude_engine\graphics\vulkan\viewport_state_create_info.cpp">
      <Filter>source\graphics\vulkan</Filter>
    </ClCompile>
    <ClCompile Include="..\..\crude_engine\graphics\vulkan\write_descriptor_set.cpp">
      <Filter>source\graphics\vulkan</Filter>
    </ClCompile>
    <ClCompile Include="..\..\crude_engine\graphics\vulkan\vulkan_allocator.cpp">
      <Filter>source\graphics\vulkan</Filter>
    </ClCompile>
    <ClCompile Include="..\..\crude_engine\core\cxx_allocator.cpp">
      <Filter>source\core</Filter>
    </ClCompile>
    <ClCompile Include="..\..\crude_engine\core\filesystem.cpp">
      <Filter>source\core</Filter>
    </ClCompile>
    <ClCompile Include="..\..\crude_engine\core\free_rbt_allocator.cpp">
      <Filter>source\core</Filter>
    </ClCompile>
    <ClCompile Include="..\..\crude_engine\core\linear_allocator.cpp">
      <Filter>source\core</Filter>
    </ClCompile>
    <ClCompile Include="..\..\crude_engine\core\logger.cpp">
      <Filter>source\core</Filter>
    </ClCompile>
    <ClCompile Include="..\..\crude_engine\core\memory_manager.cpp">
      <Filter>source\core</Filter>
    </ClCompile>
    <ClCompile Include="..\..\crude_engine\core\memory_utils.cpp">
      <Filter>source\core</Filter>
    </ClCompile>
    <ClCompile Include="..\..\crude_engine\core\pool_allocator.cpp">
      <Filter>source\core</Filter>
    </ClCompile>
    <ClCompile Include="..\..\crude_engine\core\stack_allocator.cpp">
      <Filter>source\core</Filter>
    </ClCompile>
    <ClCompile Include="..\..\crude_engine\core\string.cpp">
      <Filter>source\core</Filter>
    </ClCompile>
    <ClCompile Include="..\..\crude_engine\ecs\archetype.cpp">
      <Filter>source\ecs</Filter>
    </ClCompile>
    <ClCompile Include="..\..\crude_engine\ecs\component_register.cpp">
      <Filter>source\ecs</Filter>
    </ClCompile>
    <ClCompile Include="..\..\crude_engine\ecs\entity.cpp">
      <Filter>source\ecs</Filter>
    </ClCompile>
    <ClCompile Include="..\..\crude_engine\ecs\id_manager.cpp">
      <Filter>source\ecs</Filter>
    </ClCompile>
    <ClCompile Include="..\..\crude_engine\ecs\query.cpp">
      <Filter>source\ecs</Filter>
    </ClCompile>
    <ClCompile Include="..\..\crude_engine\ecs\world.cpp">
      <Filter>source\ecs</Filter>
    </ClCompile>
    <ClCompile Include="..\..\crude_engine\math\matrix.cpp">
      <Filter>source\math</Filter>
    </ClCompile>
    <ClCompile Include="..\..\crude_engine\math\scalar.cpp">
      <Filter>source\math</Filter>
    </ClCompile>
    <ClCompile Include="..\..\crude_engine\math\vector.cpp">
      <Filter>source\math</Filter>
    </ClCompile>
  </ItemGroup>
  <ItemGroup>
    <ClInclude Include="..\..\crude_engine\graphics\vulkan\application.hpp">
      <Filter>source\graphics\vulkan</Filter>
    </ClInclude>
    <ClInclude Include="..\..\crude_engine\graphics\vulkan\attachment_description.hpp">
      <Filter>source\graphics\vulkan</Filter>
    </ClInclude>
    <ClInclude Include="..\..\crude_engine\graphics\vulkan\buffer.hpp">
      <Filter>source\graphics\vulkan</Filter>
    </ClInclude>
    <ClInclude Include="..\..\crude_engine\graphics\vulkan\color_blend_state_create_info.hpp">
      <Filter>source\graphics\vulkan</Filter>
    </ClInclude>
    <ClInclude Include="..\..\crude_engine\graphics\vulkan\command_buffer.hpp">
      <Filter>source\graphics\vulkan</Filter>
    </ClInclude>
    <ClInclude Include="..\..\crude_engine\graphics\vulkan\command_pool.hpp">
      <Filter>source\graphics\vulkan</Filter>
    </ClInclude>
    <ClInclude Include="..\..\crude_engine\graphics\vulkan\debug_utils_messenger.hpp">
      <Filter>source\graphics\vulkan</Filter>
    </ClInclude>
    <ClInclude Include="..\..\crude_engine\graphics\vulkan\depth_stencil_state_create_info.hpp">
      <Filter>source\graphics\vulkan</Filter>
    </ClInclude>
    <ClInclude Include="..\..\crude_engine\graphics\vulkan\descriptor_buffer_info.hpp">
      <Filter>source\graphics\vulkan</Filter>
    </ClInclude>
    <ClInclude Include="..\..\crude_engine\graphics\vulkan\descriptor_image_info.hpp">
      <Filter>source\graphics\vulkan</Filter>
    </ClInclude>
    <ClInclude Include="..\..\crude_engine\graphics\vulkan\descriptor_pool.hpp">
      <Filter>source\graphics\vulkan</Filter>
    </ClInclude>
    <ClInclude Include="..\..\crude_engine\graphics\vulkan\descriptor_set.hpp">
      <Filter>source\graphics\vulkan</Filter>
    </ClInclude>
    <ClInclude Include="..\..\crude_engine\graphics\vulkan\descriptor_set_layout.hpp">
      <Filter>source\graphics\vulkan</Filter>
    </ClInclude>
    <ClInclude Include="..\..\crude_engine\graphics\vulkan\device.hpp">
      <Filter>source\graphics\vulkan</Filter>
    </ClInclude>
    <ClInclude Include="..\..\crude_engine\graphics\vulkan\device_memory.hpp">
      <Filter>source\graphics\vulkan</Filter>
    </ClInclude>
    <ClInclude Include="..\..\crude_engine\graphics\vulkan\dynamic_state_create_info.hpp">
      <Filter>source\graphics\vulkan</Filter>
    </ClInclude>
    <ClInclude Include="..\..\crude_engine\graphics\vulkan\fence.hpp">
      <Filter>source\graphics\vulkan</Filter>
    </ClInclude>
    <ClInclude Include="..\..\crude_engine\graphics\vulkan\format.hpp">
      <Filter>source\graphics\vulkan</Filter>
    </ClInclude>
    <ClInclude Include="..\..\crude_engine\graphics\vulkan\framebuffer.hpp">
      <Filter>source\graphics\vulkan</Filter>
    </ClInclude>
    <ClInclude Include="..\..\crude_engine\graphics\vulkan\image.hpp">
      <Filter>source\graphics\vulkan</Filter>
    </ClInclude>
    <ClInclude Include="..\..\crude_engine\graphics\vulkan\image_memory_barrier.hpp">
      <Filter>source\graphics\vulkan</Filter>
    </ClInclude>
    <ClInclude Include="..\..\crude_engine\graphics\vulkan\image_subresource_range.hpp">
      <Filter>source\graphics\vulkan</Filter>
    </ClInclude>
    <ClInclude Include="..\..\crude_engine\graphics\vulkan\image_view.hpp">
      <Filter>source\graphics\vulkan</Filter>
    </ClInclude>
    <ClInclude Include="..\..\crude_engine\graphics\vulkan\include_vulkan.hpp">
      <Filter>source\graphics\vulkan</Filter>
    </ClInclude>
    <ClInclude Include="..\..\crude_engine\graphics\vulkan\input_assembly_state_create_info.hpp">
      <Filter>source\graphics\vulkan</Filter>
    </ClInclude>
    <ClInclude Include="..\..\crude_engine\graphics\vulkan\instance.hpp">
      <Filter>source\graphics\vulkan</Filter>
    </ClInclude>
    <ClInclude Include="..\..\crude_engine\graphics\vulkan\multisample_state_create_info.hpp">
      <Filter>source\graphics\vulkan</Filter>
    </ClInclude>
    <ClInclude Include="..\..\crude_engine\graphics\vulkan\object.hpp">
      <Filter>source\graphics\vulkan</Filter>
    </ClInclude>
    <ClInclude Include="..\..\crude_engine\graphics\vulkan\physical_device.hpp">
      <Filter>source\graphics\vulkan</Filter>
    </ClInclude>
    <ClInclude Include="..\..\crude_engine\graphics\vulkan\pipeline.hpp">
      <Filter>source\graphics\vulkan</Filter>
    </ClInclude>
    <ClInclude Include="..\..\crude_engine\graphics\vulkan\pipeline_layout.hpp">
      <Filter>source\graphics\vulkan</Filter>
    </ClInclude>
    <ClInclude Include="..\..\crude_engine\graphics\vulkan\queue.hpp">
      <Filter>source\graphics\vulkan</Filter>
    </ClInclude>
    <ClInclude Include="..\..\crude_engine\graphics\vulkan\rasterization_state_create_info.hpp">
      <Filter>source\graphics\vulkan</Filter>
    </ClInclude>
    <ClInclude Include="..\..\crude_engine\graphics\vulkan\render_pass.hpp">
      <Filter>source\graphics\vulkan</Filter>
    </ClInclude>
    <ClInclude Include="..\..\crude_engine\graphics\vulkan\sampler.hpp">
      <Filter>source\graphics\vulkan</Filter>
    </ClInclude>
    <ClInclude Include="..\..\crude_engine\graphics\vulkan\semaphore.hpp">
      <Filter>source\graphics\vulkan</Filter>
    </ClInclude>
    <ClInclude Include="..\..\crude_engine\graphics\vulkan\shader_module.hpp">
      <Filter>source\graphics\vulkan</Filter>
    </ClInclude>
    <ClInclude Include="..\..\crude_engine\graphics\vulkan\shader_stage_create_info.hpp">
      <Filter>source\graphics\vulkan</Filter>
    </ClInclude>
    <ClInclude Include="..\..\crude_engine\graphics\vulkan\subpass_dependency.hpp">
      <Filter>source\graphics\vulkan</Filter>
    </ClInclude>
    <ClInclude Include="..\..\crude_engine\graphics\vulkan\subpass_description.hpp">
      <Filter>source\graphics\vulkan</Filter>
    </ClInclude>
    <ClInclude Include="..\..\crude_engine\graphics\vulkan\surface.hpp">
      <Filter>source\graphics\vulkan</Filter>
    </ClInclude>
    <ClInclude Include="..\..\crude_engine\graphics\vulkan\swap_chain.hpp">
      <Filter>source\graphics\vulkan</Filter>
    </ClInclude>
    <ClInclude Include="..\..\crude_engine\graphics\vulkan\swap_chain_image.hpp">
      <Filter>source\graphics\vulkan</Filter>
    </ClInclude>
    <ClInclude Include="..\..\crude_engine\graphics\vulkan\tessellation_state_create_info.hpp">
      <Filter>source\graphics\vulkan</Filter>
    </ClInclude>
    <ClInclude Include="..\..\crude_engine\graphics\vulkan\vertex_input_state_create_info.hpp">
      <Filter>source\graphics\vulkan</Filter>
    </ClInclude>
    <ClInclude Include="..\..\crude_engine\graphics\vulkan\viewport_state_create_info.hpp">
      <Filter>source\graphics\vulkan</Filter>
    </ClInclude>
    <ClInclude Include="..\..\crude_engine\graphics\vulkan\write_descriptor_set.hpp">
      <Filter>source\graphics\vulkan</Filter>
    </ClInclude>
    <ClInclude Include="..\..\crude_engine\graphics\vulkan\vulkan_allocator.hpp">
      <Filter>source\graphics\vulkan</Filter>
    </ClInclude>
    <ClInclude Include="..\..\crude_engine\core\algorithms.hpp">
      <Filter>source\core</Filter>
    </ClInclude>
    <ClInclude Include="..\..\crude_engine\core\alias.hpp">
      <Filter>source\core</Filter>
    </ClInclude>
    <ClInclude Include="..\..\crude_engine\core\array_dynamic.hpp">
      <Filter>source\core</Filter>
    </ClInclude>
    <ClInclude Include="..\..\crude_engine\core\array_stack.hpp">
      <Filter>source\core</Filter>
    </ClInclude>
    <ClInclude Include="..\..\crude_engine\core\array_unsafe.hpp">
      <Filter>source\core</Filter>
    </ClInclude>
    <ClInclude Include="..\..\crude_engine\core\assert.hpp">
      <Filter>source\core</Filter>
    </ClInclude>
    <ClInclude Include="..\..\crude_engine\core\bs_tree.hpp">
      <Filter>source\core</Filter>
    </ClInclude>
    <ClInclude Include="..\..\crude_engine\core\compare.hpp">
      <Filter>source\core</Filter>
    </ClInclude>
    <ClInclude Include="..\..\crude_engine\core\cxx_allocator.hpp">
      <Filter>source\core</Filter>
    </ClInclude>
    <ClInclude Include="..\..\crude_engine\core\debug.hpp">
      <Filter>source\core</Filter>
    </ClInclude>
    <ClInclude Include="..\..\crude_engine\core\filesystem.hpp">
      <Filter>source\core</Filter>
    </ClInclude>
    <ClInclude Include="..\..\crude_engine\core\free_rbt_allocator.hpp">
      <Filter>source\core</Filter>
    </ClInclude>
    <ClInclude Include="..\..\crude_engine\core\hash_table.hpp">
      <Filter>source\core</Filter>
    </ClInclude>
    <ClInclude Include="..\..\crude_engine\core\iallocator.hpp">
      <Filter>source\core</Filter>
    </ClInclude>
    <ClInclude Include="..\..\crude_engine\core\iterator_base.hpp">
      <Filter>source\core</Filter>
    </ClInclude>
    <ClInclude Include="..\..\crude_engine\core\linear_allocator.hpp">
      <Filter>source\core</Filter>
    </ClInclude>
    <ClInclude Include="..\..\crude_engine\core\list.hpp">
      <Filter>source\core</Filter>
    </ClInclude>
    <ClInclude Include="..\..\crude_engine\core\list_iterator_base.hpp">
      <Filter>source\core</Filter>
    </ClInclude>
    <ClInclude Include="..\..\crude_engine\core\logger.hpp">
      <Filter>source\core</Filter>
    </ClInclude>
    <ClInclude Include="..\..\crude_engine\core\memory_manager.hpp">
      <Filter>source\core</Filter>
    </ClInclude>
    <ClInclude Include="..\..\crude_engine\core\memory_system.hpp">
      <Filter>source\core</Filter>
    </ClInclude>
    <ClInclude Include="..\..\crude_engine\core\memory_utils.hpp">
      <Filter>source\core</Filter>
    </ClInclude>
    <ClInclude Include="..\..\crude_engine\core\optional.hpp">
      <Filter>source\core</Filter>
    </ClInclude>
    <ClInclude Include="..\..\crude_engine\core\pool_allocator.hpp">
      <Filter>source\core</Filter>
    </ClInclude>
    <ClInclude Include="..\..\crude_engine\core\rb_tree.hpp">
      <Filter>source\core</Filter>
    </ClInclude>
    <ClInclude Include="..\..\crude_engine\core\shared_ptr.hpp">
      <Filter>source\core</Filter>
    </ClInclude>
    <ClInclude Include="..\..\crude_engine\core\size_holder.hpp">
      <Filter>source\core</Filter>
    </ClInclude>
    <ClInclude Include="..\..\crude_engine\core\stack_allocator.hpp">
      <Filter>source\core</Filter>
    </ClInclude>
    <ClInclude Include="..\..\crude_engine\core\stack_linked_list.hpp">
      <Filter>source\core</Filter>
    </ClInclude>
    <ClInclude Include="..\..\crude_engine\core\string.hpp">
      <Filter>source\core</Filter>
    </ClInclude>
    <ClInclude Include="..\..\crude_engine\core\tree_iterator_base.hpp">
      <Filter>source\core</Filter>
    </ClInclude>
    <ClInclude Include="..\..\crude_engine\core\utility.hpp">
      <Filter>source\core</Filter>
    </ClInclude>
    <ClInclude Include="..\..\crude_engine\ecs\alias.hpp">
      <Filter>source\ecs</Filter>
    </ClInclude>
    <ClInclude Include="..\..\crude_engine\ecs\archetype.hpp">
      <Filter>source\ecs</Filter>
    </ClInclude>
    <ClInclude Include="..\..\crude_engine\ecs\component_container.hpp">
      <Filter>source\ecs</Filter>
    </ClInclude>
    <ClInclude Include="..\..\crude_engine\ecs\component_register.hpp">
      <Filter>source\ecs</Filter>
    </ClInclude>
    <ClInclude Include="..\..\crude_engine\ecs\entity.hpp">
      <Filter>source\ecs</Filter>
    </ClInclude>
    <ClInclude Include="..\..\crude_engine\ecs\id_manager.hpp">
      <Filter>source\ecs</Filter>
    </ClInclude>
    <ClInclude Include="..\..\crude_engine\ecs\query.hpp">
      <Filter>source\ecs</Filter>
    </ClInclude>
    <ClInclude Include="..\..\crude_engine\ecs\world.hpp">
      <Filter>source\ecs</Filter>
    </ClInclude>
    <ClInclude Include="..\..\crude_engine\math\constants.hpp">
      <Filter>source\math</Filter>
    </ClInclude>
    <ClInclude Include="..\..\crude_engine\math\fuicont.hpp">
      <Filter>source\math</Filter>
    </ClInclude>
    <ClInclude Include="..\..\crude_engine\math\matrix.hpp">
      <Filter>source\math</Filter>
    </ClInclude>
    <ClInclude Include="..\..\crude_engine\math\scalar.hpp">
      <Filter>source\math</Filter>
    </ClInclude>
    <ClInclude Include="..\..\crude_engine\math\vector.hpp">
      <Filter>source\math</Filter>
    </ClInclude>
  </ItemGroup>
  <ItemGroup>
    <None Include="..\..\crude_engine\graphics\vulkan\object.inl">
      <Filter>source\graphics\vulkan</Filter>
    </None>
    <None Include="..\..\crude_engine\core\algorithms.inl">
      <Filter>source\core</Filter>
    </None>
    <None Include="..\..\crude_engine\core\array_dynamic.inl">
      <Filter>source\core</Filter>
    </None>
    <None Include="..\..\crude_engine\core\array_stack.inl">
      <Filter>source\core</Filter>
    </None>
    <None Include="..\..\crude_engine\core\array_unsafe.inl">
      <Filter>source\core</Filter>
    </None>
    <None Include="..\..\crude_engine\core\bs_tree.inl">
      <Filter>source\core</Filter>
    </None>
    <None Include="..\..\crude_engine\core\cxx_allocator.inl">
      <Filter>source\core</Filter>
    </None>
    <None Include="..\..\crude_engine\core\free_rbt_allocator.inl">
      <Filter>source\core</Filter>
    </None>
    <None Include="..\..\crude_engine\core\iterator_base.inl">
      <Filter>source\core</Filter>
    </None>
    <None Include="..\..\crude_engine\core\list.inl">
      <Filter>source\core</Filter>
    </None>
    <None Include="..\..\crude_engine\core\list_iterator_base.inl">
      <Filter>source\core</Filter>
    </None>
    <None Include="..\..\crude_engine\core\logger.inl">
      <Filter>source\core</Filter>
    </None>
    <None Include="..\..\crude_engine\core\memory_system.inl">
      <Filter>source\core</Filter>
    </None>
    <None Include="..\..\crude_engine\core\optional.inl">
      <Filter>source\core</Filter>
    </None>
    <None Include="..\..\crude_engine\core\pool_allocator.inl">
      <Filter>source\core</Filter>
    </None>
    <None Include="..\..\crude_engine\core\rb_tree.inl">
      <Filter>source\core</Filter>
    </None>
    <None Include="..\..\crude_engine\core\shared_ptr.inl">
      <Filter>source\core</Filter>
    </None>
    <None Include="..\..\crude_engine\core\stack_linked_list.inl">
      <Filter>source\core</Filter>
    </None>
    <None Include="..\..\crude_engine\core\string.inl">
      <Filter>source\core</Filter>
    </None>
    <None Include="..\..\crude_engine\core\tree_iterator_base.inl">
      <Filter>source\core</Filter>
    </None>
    <None Include="..\..\crude_engine\core\utility.inl">
      <Filter>source\core</Filter>
    </None>
    <None Include="..\..\crude_engine\ecs\component_container.inl">
      <Filter>source\ecs</Filter>
    </None>
    <None Include="..\..\crude_engine\ecs\component_register.inl">
      <Filter>source\ecs</Filter>
    </None>
    <None Include="..\..\crude_engine\ecs\entity.inl">
      <Filter>source\ecs</Filter>
    </None>
    <None Include="..\..\crude_engine\ecs\world.inl">
      <Filter>source\ecs</Filter>
    </None>
  </ItemGroup>
</Project>